
Microsoft Visual Studio Solution File, Format Version 12.00
Project("{2150E333-8FDC-42A3-9474-1A3956D46DE8}") = "Src", "Src", "{6C6F6750-D1FA-4BDB-A780-A9A413B61F00}"
EndProject
Project("{2150E333-8FDC-42A3-9474-1A3956D46DE8}") = "Tests", "Tests", "{BAFB0954-7992-4C97-881F-3C0F270B5435}"
EndProject
Project("{FAE04EC0-301F-11D3-BF4B-00C04F79EFBC}") = "StocklyApi.IntegrationTests", "Tests\StocklyApi.IntegrationTests\StocklyApi.IntegrationTests.csproj", "{62B58D4F-462F-4F75-AD6B-9FE7C51F4522}"
EndProject
Project("{FAE04EC0-301F-11D3-BF4B-00C04F79EFBC}") = "StocklyApi.UniTests", "Tests\StocklyApi.UniTests\StocklyApi.UniTests.csproj", "{E582F3F9-97CC-4E38-AB6D-52ACE9108708}"
EndProject
Project("{2150E333-8FDC-42A3-9474-1A3956D46DE8}") = "Infrastructure", "Infrastructure", "{CC5A6A7D-9180-4B1C-9BA8-764FBDF20926}"
EndProject
Project("{FAE04EC0-301F-11D3-BF4B-00C04F79EFBC}") = "StocklyApi.EndToEndTests", "Tests\StocklyApi.EndToEndTests\StocklyApi.EndToEndTests.csproj", "{3CB7B0BB-20B7-43C1-8166-D0A6178620E4}"
EndProject
Project("{FAE04EC0-301F-11D3-BF4B-00C04F79EFBC}") = "Stockly.Adapter.FirebaseDb", "Infrastructure\Stockly.Adapter.FirebaseDb\Stockly.Adapter.FirebaseDb.csproj", "{90B38D40-EEA9-471E-924C-A003C4AB565B}"
EndProject
Project("{FAE04EC0-301F-11D3-BF4B-00C04F79EFBC}") = "Stockly.Api.Contracts", "Infrastructure\Stockly.Api.Contracts\Stockly.Api.Contracts.csproj", "{9156908C-5F50-4D0C-A3DA-9A34BDBB3871}"
EndProject
Project("{FAE04EC0-301F-11D3-BF4B-00C04F79EFBC}") = "Stockly.Api", "Stockly.Api\Stockly.Api.csproj", "{97418362-86C1-4C5B-B3F1-36D1C51BC5FC}"
EndProject
Project("{FAE04EC0-301F-11D3-BF4B-00C04F79EFBC}") = "Stockly.Core", "Stockly.Core\Stockly.Core.csproj", "{B8E72417-CE2F-4951-BA8C-DAE6DB79CBB4}"
EndProject
Global
	GlobalSection(SolutionConfigurationPlatforms) = preSolution
		Debug|Any CPU = Debug|Any CPU
		Release|Any CPU = Release|Any CPU
	EndGlobalSection
	GlobalSection(ProjectConfigurationPlatforms) = postSolution
		{62B58D4F-462F-4F75-AD6B-9FE7C51F4522}.Debug|Any CPU.ActiveCfg = Debug|Any CPU
		{62B58D4F-462F-4F75-AD6B-9FE7C51F4522}.Debug|Any CPU.Build.0 = Debug|Any CPU
		{62B58D4F-462F-4F75-AD6B-9FE7C51F4522}.Release|Any CPU.ActiveCfg = Release|Any CPU
		{62B58D4F-462F-4F75-AD6B-9FE7C51F4522}.Release|Any CPU.Build.0 = Release|Any CPU
		{E582F3F9-97CC-4E38-AB6D-52ACE9108708}.Debug|Any CPU.ActiveCfg = Debug|Any CPU
		{E582F3F9-97CC-4E38-AB6D-52ACE9108708}.Debug|Any CPU.Build.0 = Debug|Any CPU
		{E582F3F9-97CC-4E38-AB6D-52ACE9108708}.Release|Any CPU.ActiveCfg = Release|Any CPU
		{E582F3F9-97CC-4E38-AB6D-52ACE9108708}.Release|Any CPU.Build.0 = Release|Any CPU
		{3CB7B0BB-20B7-43C1-8166-D0A6178620E4}.Debug|Any CPU.ActiveCfg = Debug|Any CPU
		{3CB7B0BB-20B7-43C1-8166-D0A6178620E4}.Debug|Any CPU.Build.0 = Debug|Any CPU
		{3CB7B0BB-20B7-43C1-8166-D0A6178620E4}.Release|Any CPU.ActiveCfg = Release|Any CPU
		{3CB7B0BB-20B7-43C1-8166-D0A6178620E4}.Release|Any CPU.Build.0 = Release|Any CPU
		{90B38D40-EEA9-471E-924C-A003C4AB565B}.Debug|Any CPU.ActiveCfg = Debug|Any CPU
		{90B38D40-EEA9-471E-924C-A003C4AB565B}.Debug|Any CPU.Build.0 = Debug|Any CPU
		{90B38D40-EEA9-471E-924C-A003C4AB565B}.Release|Any CPU.ActiveCfg = Release|Any CPU
		{90B38D40-EEA9-471E-924C-A003C4AB565B}.Release|Any CPU.Build.0 = Release|Any CPU
		{9156908C-5F50-4D0C-A3DA-9A34BDBB3871}.Debug|Any CPU.ActiveCfg = Debug|Any CPU
		{9156908C-5F50-4D0C-A3DA-9A34BDBB3871}.Debug|Any CPU.Build.0 = Debug|Any CPU
		{9156908C-5F50-4D0C-A3DA-9A34BDBB3871}.Release|Any CPU.ActiveCfg = Release|Any CPU
		{9156908C-5F50-4D0C-A3DA-9A34BDBB3871}.Release|Any CPU.Build.0 = Release|Any CPU
		{97418362-86C1-4C5B-B3F1-36D1C51BC5FC}.Debug|Any CPU.ActiveCfg = Debug|Any CPU
		{97418362-86C1-4C5B-B3F1-36D1C51BC5FC}.Debug|Any CPU.Build.0 = Debug|Any CPU
		{97418362-86C1-4C5B-B3F1-36D1C51BC5FC}.Release|Any CPU.ActiveCfg = Release|Any CPU
		{97418362-86C1-4C5B-B3F1-36D1C51BC5FC}.Release|Any CPU.Build.0 = Release|Any CPU
		{B8E72417-CE2F-4951-BA8C-DAE6DB79CBB4}.Debug|Any CPU.ActiveCfg = Debug|Any CPU
		{B8E72417-CE2F-4951-BA8C-DAE6DB79CBB4}.Debug|Any CPU.Build.0 = Debug|Any CPU
		{B8E72417-CE2F-4951-BA8C-DAE6DB79CBB4}.Release|Any CPU.ActiveCfg = Release|Any CPU
		{B8E72417-CE2F-4951-BA8C-DAE6DB79CBB4}.Release|Any CPU.Build.0 = Release|Any CPU
	EndGlobalSection
	GlobalSection(NestedProjects) = preSolution
		{62B58D4F-462F-4F75-AD6B-9FE7C51F4522} = {BAFB0954-7992-4C97-881F-3C0F270B5435}
		{E582F3F9-97CC-4E38-AB6D-52ACE9108708} = {BAFB0954-7992-4C97-881F-3C0F270B5435}
		{CC5A6A7D-9180-4B1C-9BA8-764FBDF20926} = {6C6F6750-D1FA-4BDB-A780-A9A413B61F00}
		{3CB7B0BB-20B7-43C1-8166-D0A6178620E4} = {BAFB0954-7992-4C97-881F-3C0F270B5435}
		{90B38D40-EEA9-471E-924C-A003C4AB565B} = {CC5A6A7D-9180-4B1C-9BA8-764FBDF20926}
		{9156908C-5F50-4D0C-A3DA-9A34BDBB3871} = {CC5A6A7D-9180-4B1C-9BA8-764FBDF20926}
		{97418362-86C1-4C5B-B3F1-36D1C51BC5FC} = {6C6F6750-D1FA-4BDB-A780-A9A413B61F00}
		{B8E72417-CE2F-4951-BA8C-DAE6DB79CBB4} = {6C6F6750-D1FA-4BDB-A780-A9A413B61F00}
	EndGlobalSection
EndGlobal
