
Microsoft Visual Studio Solution File, Format Version 12.00
Project("{2150E333-8FDC-42A3-9474-1A3956D46DE8}") = "Src", "Src", "{6C6F6750-D1FA-4BDB-A780-A9A413B61F00}"
EndProject
Project("{2150E333-8FDC-42A3-9474-1A3956D46DE8}") = "Tests", "Tests", "{BAFB0954-7992-4C97-881F-3C0F270B5435}"
EndProject
Project("{FAE04EC0-301F-11D3-BF4B-00C04F79EFBC}") = "Stockly.Api", "Src\Stockly.Api\Stockly.Api.csproj", "{AEDF4F61-E2E6-4967-84AE-17E877BAC011}"
EndProject
Project("{FAE04EC0-301F-11D3-BF4B-00C04F79EFBC}") = "StocklyApi.IntegrationTests", "Tests\StocklyApi.IntegrationTests\StocklyApi.IntegrationTests.csproj", "{62B58D4F-462F-4F75-AD6B-9FE7C51F4522}"
EndProject
Project("{FAE04EC0-301F-11D3-BF4B-00C04F79EFBC}") = "StocklyApi.UniTests", "Tests\StocklyApi.UniTests\StocklyApi.UniTests.csproj", "{E582F3F9-97CC-4E38-AB6D-52ACE9108708}"
EndProject
Project("{FAE04EC0-301F-11D3-BF4B-00C04F79EFBC}") = "Stockly.Core", "Src\Stockly.Core\Stockly.Core.csproj", "{2ED52718-943E-4DA9-9E57-7F0FFD36D426}"
EndProject
Project("{2150E333-8FDC-42A3-9474-1A3956D46DE8}") = "Infrastructure", "Infrastructure", "{CC5A6A7D-9180-4B1C-9BA8-764FBDF20926}"
EndProject
Project("{FAE04EC0-301F-11D3-BF4B-00C04F79EFBC}") = "Stockly.Api.Contracts", "Src\Infrastructure\Stockly.Api.Contracts\Stockly.Api.Contracts.csproj", "{477638B5-8ACA-4625-BED4-36B8714D224A}"
EndProject
Project("{FAE04EC0-301F-11D3-BF4B-00C04F79EFBC}") = "StocklyApi.EndToEndTests", "Tests\StocklyApi.EndToEndTests\StocklyApi.EndToEndTests.csproj", "{3CB7B0BB-20B7-43C1-8166-D0A6178620E4}"
EndProject
Project("{FAE04EC0-301F-11D3-BF4B-00C04F79EFBC}") = "Stockly.Adapter.FirebaseDb", "Src\Infrastructure\Stockly.Adapter.FirebaseDb\Stockly.Adapter.FirebaseDb.csproj", "{ACFF7A46-AE3D-4B22-BC7E-DA01E5A934B7}"
EndProject
Global
	GlobalSection(SolutionConfigurationPlatforms) = preSolution
		Debug|Any CPU = Debug|Any CPU
		Release|Any CPU = Release|Any CPU
	EndGlobalSection
	GlobalSection(ProjectConfigurationPlatforms) = postSolution
		{AEDF4F61-E2E6-4967-84AE-17E877BAC011}.Debug|Any CPU.ActiveCfg = Debug|Any CPU
		{AEDF4F61-E2E6-4967-84AE-17E877BAC011}.Debug|Any CPU.Build.0 = Debug|Any CPU
		{AEDF4F61-E2E6-4967-84AE-17E877BAC011}.Release|Any CPU.ActiveCfg = Release|Any CPU
		{AEDF4F61-E2E6-4967-84AE-17E877BAC011}.Release|Any CPU.Build.0 = Release|Any CPU
		{62B58D4F-462F-4F75-AD6B-9FE7C51F4522}.Debug|Any CPU.ActiveCfg = Debug|Any CPU
		{62B58D4F-462F-4F75-AD6B-9FE7C51F4522}.Debug|Any CPU.Build.0 = Debug|Any CPU
		{62B58D4F-462F-4F75-AD6B-9FE7C51F4522}.Release|Any CPU.ActiveCfg = Release|Any CPU
		{62B58D4F-462F-4F75-AD6B-9FE7C51F4522}.Release|Any CPU.Build.0 = Release|Any CPU
		{E582F3F9-97CC-4E38-AB6D-52ACE9108708}.Debug|Any CPU.ActiveCfg = Debug|Any CPU
		{E582F3F9-97CC-4E38-AB6D-52ACE9108708}.Debug|Any CPU.Build.0 = Debug|Any CPU
		{E582F3F9-97CC-4E38-AB6D-52ACE9108708}.Release|Any CPU.ActiveCfg = Release|Any CPU
		{E582F3F9-97CC-4E38-AB6D-52ACE9108708}.Release|Any CPU.Build.0 = Release|Any CPU
		{2ED52718-943E-4DA9-9E57-7F0FFD36D426}.Debug|Any CPU.ActiveCfg = Debug|Any CPU
		{2ED52718-943E-4DA9-9E57-7F0FFD36D426}.Debug|Any CPU.Build.0 = Debug|Any CPU
		{2ED52718-943E-4DA9-9E57-7F0FFD36D426}.Release|Any CPU.ActiveCfg = Release|Any CPU
		{2ED52718-943E-4DA9-9E57-7F0FFD36D426}.Release|Any CPU.Build.0 = Release|Any CPU
		{477638B5-8ACA-4625-BED4-36B8714D224A}.Debug|Any CPU.ActiveCfg = Debug|Any CPU
		{477638B5-8ACA-4625-BED4-36B8714D224A}.Debug|Any CPU.Build.0 = Debug|Any CPU
		{477638B5-8ACA-4625-BED4-36B8714D224A}.Release|Any CPU.ActiveCfg = Release|Any CPU
		{477638B5-8ACA-4625-BED4-36B8714D224A}.Release|Any CPU.Build.0 = Release|Any CPU
		{3CB7B0BB-20B7-43C1-8166-D0A6178620E4}.Debug|Any CPU.ActiveCfg = Debug|Any CPU
		{3CB7B0BB-20B7-43C1-8166-D0A6178620E4}.Debug|Any CPU.Build.0 = Debug|Any CPU
		{3CB7B0BB-20B7-43C1-8166-D0A6178620E4}.Release|Any CPU.ActiveCfg = Release|Any CPU
		{3CB7B0BB-20B7-43C1-8166-D0A6178620E4}.Release|Any CPU.Build.0 = Release|Any CPU
		{ACFF7A46-AE3D-4B22-BC7E-DA01E5A934B7}.Debug|Any CPU.ActiveCfg = Debug|Any CPU
		{ACFF7A46-AE3D-4B22-BC7E-DA01E5A934B7}.Debug|Any CPU.Build.0 = Debug|Any CPU
		{ACFF7A46-AE3D-4B22-BC7E-DA01E5A934B7}.Release|Any CPU.ActiveCfg = Release|Any CPU
		{ACFF7A46-AE3D-4B22-BC7E-DA01E5A934B7}.Release|Any CPU.Build.0 = Release|Any CPU
	EndGlobalSection
	GlobalSection(NestedProjects) = preSolution
		{62B58D4F-462F-4F75-AD6B-9FE7C51F4522} = {BAFB0954-7992-4C97-881F-3C0F270B5435}
		{E582F3F9-97CC-4E38-AB6D-52ACE9108708} = {BAFB0954-7992-4C97-881F-3C0F270B5435}
		{2ED52718-943E-4DA9-9E57-7F0FFD36D426} = {6C6F6750-D1FA-4BDB-A780-A9A413B61F00}
		{CC5A6A7D-9180-4B1C-9BA8-764FBDF20926} = {6C6F6750-D1FA-4BDB-A780-A9A413B61F00}
		{AEDF4F61-E2E6-4967-84AE-17E877BAC011} = {6C6F6750-D1FA-4BDB-A780-A9A413B61F00}
		{477638B5-8ACA-4625-BED4-36B8714D224A} = {CC5A6A7D-9180-4B1C-9BA8-764FBDF20926}
		{3CB7B0BB-20B7-43C1-8166-D0A6178620E4} = {BAFB0954-7992-4C97-881F-3C0F270B5435}
		{ACFF7A46-AE3D-4B22-BC7E-DA01E5A934B7} = {CC5A6A7D-9180-4B1C-9BA8-764FBDF20926}
	EndGlobalSection
EndGlobal
