
Microsoft Visual Studio Solution File, Format Version 12.00
Project("{2150E333-8FDC-42A3-9474-1A3956D46DE8}") = "Src", "Src", "{6C6F6750-D1FA-4BDB-A780-A9A413B61F00}"
EndProject
Project("{2150E333-8FDC-42A3-9474-1A3956D46DE8}") = "Tests", "Tests", "{BAFB0954-7992-4C97-881F-3C0F270B5435}"
EndProject
Project("{FAE04EC0-301F-11D3-BF4B-00C04F79EFBC}") = "StocklyApi", "Src\StocklyApi\StocklyApi.csproj", "{AEDF4F61-E2E6-4967-84AE-17E877BAC011}"
EndProject
Project("{FAE04EC0-301F-11D3-BF4B-00C04F79EFBC}") = "StocklyApi.UniTests", "StocklyApi.UniTests\StocklyApi.UniTests.csproj", "{51B719B9-45BF-478B-A15D-CE5F5EB511C7}"
EndProject
Project("{FAE04EC0-301F-11D3-BF4B-00C04F79EFBC}") = "StocklyApi.IntegrationTests", "StocklyApi.IntegrationTests\StocklyApi.IntegrationTests.csproj", "{17A90103-4465-41C3-89DA-430C1EE35A12}"
EndProject
Global
	GlobalSection(SolutionConfigurationPlatforms) = preSolution
		Debug|Any CPU = Debug|Any CPU
		Release|Any CPU = Release|Any CPU
	EndGlobalSection
	GlobalSection(ProjectConfigurationPlatforms) = postSolution
		{AEDF4F61-E2E6-4967-84AE-17E877BAC011}.Debug|Any CPU.ActiveCfg = Debug|Any CPU
		{AEDF4F61-E2E6-4967-84AE-17E877BAC011}.Debug|Any CPU.Build.0 = Debug|Any CPU
		{AEDF4F61-E2E6-4967-84AE-17E877BAC011}.Release|Any CPU.ActiveCfg = Release|Any CPU
		{AEDF4F61-E2E6-4967-84AE-17E877BAC011}.Release|Any CPU.Build.0 = Release|Any CPU
		{51B719B9-45BF-478B-A15D-CE5F5EB511C7}.Debug|Any CPU.ActiveCfg = Debug|Any CPU
		{51B719B9-45BF-478B-A15D-CE5F5EB511C7}.Debug|Any CPU.Build.0 = Debug|Any CPU
		{51B719B9-45BF-478B-A15D-CE5F5EB511C7}.Release|Any CPU.ActiveCfg = Release|Any CPU
		{51B719B9-45BF-478B-A15D-CE5F5EB511C7}.Release|Any CPU.Build.0 = Release|Any CPU
		{17A90103-4465-41C3-89DA-430C1EE35A12}.Debug|Any CPU.ActiveCfg = Debug|Any CPU
		{17A90103-4465-41C3-89DA-430C1EE35A12}.Debug|Any CPU.Build.0 = Debug|Any CPU
		{17A90103-4465-41C3-89DA-430C1EE35A12}.Release|Any CPU.ActiveCfg = Release|Any CPU
		{17A90103-4465-41C3-89DA-430C1EE35A12}.Release|Any CPU.Build.0 = Release|Any CPU
	EndGlobalSection
	GlobalSection(NestedProjects) = preSolution
		{AEDF4F61-E2E6-4967-84AE-17E877BAC011} = {6C6F6750-D1FA-4BDB-A780-A9A413B61F00}
		{51B719B9-45BF-478B-A15D-CE5F5EB511C7} = {BAFB0954-7992-4C97-881F-3C0F270B5435}
		{17A90103-4465-41C3-89DA-430C1EE35A12} = {BAFB0954-7992-4C97-881F-3C0F270B5435}
	EndGlobalSection
EndGlobal
